
Microsoft Visual Studio Solution File, Format Version 12.00
# Visual Studio Version 17
VisualStudioVersion = 17.8.34525.116
MinimumVisualStudioVersion = 10.0.40219.1
Project("{FAE04EC0-301F-11D3-BF4B-00C04F79EFBC}") = "examenDeArreglos", "examenDeArreglos\examenDeArreglos.csproj", "{A0707EB5-E92B-44C1-9DDF-7F6078F1AAD9}"
EndProject
Global
	GlobalSection(SolutionConfigurationPlatforms) = preSolution
		Debug|Any CPU = Debug|Any CPU
		Release|Any CPU = Release|Any CPU
	EndGlobalSection
	GlobalSection(ProjectConfigurationPlatforms) = postSolution
		{A0707EB5-E92B-44C1-9DDF-7F6078F1AAD9}.Debug|Any CPU.ActiveCfg = Debug|Any CPU
		{A0707EB5-E92B-44C1-9DDF-7F6078F1AAD9}.Debug|Any CPU.Build.0 = Debug|Any CPU
		{A0707EB5-E92B-44C1-9DDF-7F6078F1AAD9}.Release|Any CPU.ActiveCfg = Release|Any CPU
		{A0707EB5-E92B-44C1-9DDF-7F6078F1AAD9}.Release|Any CPU.Build.0 = Release|Any CPU
	EndGlobalSection
	GlobalSection(SolutionProperties) = preSolution
		HideSolutionNode = FALSE
	EndGlobalSection
	GlobalSection(ExtensibilityGlobals) = postSolution
		SolutionGuid = {91A9207A-9557-4806-86B7-6458BDDC02B3}
	EndGlobalSection
EndGlobal
